
Microsoft Visual Studio Solution File, Format Version 12.00
# Visual Studio Version 17
VisualStudioVersion = 17.7.34024.191
MinimumVisualStudioVersion = 10.0.40219.1
Project("{FAE04EC0-301F-11D3-BF4B-00C04F79EFBC}") = "buoi 4", "buoi 4\buoi 4.csproj", "{D2221611-29AB-4218-9280-805489B8F247}"
EndProject
Global
	GlobalSection(SolutionConfigurationPlatforms) = preSolution
		Debug|Any CPU = Debug|Any CPU
		Release|Any CPU = Release|Any CPU
	EndGlobalSection
	GlobalSection(ProjectConfigurationPlatforms) = postSolution
		{D2221611-29AB-4218-9280-805489B8F247}.Debug|Any CPU.ActiveCfg = Debug|Any CPU
		{D2221611-29AB-4218-9280-805489B8F247}.Debug|Any CPU.Build.0 = Debug|Any CPU
		{D2221611-29AB-4218-9280-805489B8F247}.Release|Any CPU.ActiveCfg = Release|Any CPU
		{D2221611-29AB-4218-9280-805489B8F247}.Release|Any CPU.Build.0 = Release|Any CPU
	EndGlobalSection
	GlobalSection(SolutionProperties) = preSolution
		HideSolutionNode = FALSE
	EndGlobalSection
	GlobalSection(ExtensibilityGlobals) = postSolution
		SolutionGuid = {2A8C7E94-7BCB-4EDF-8661-1219AF9AC2CB}
	EndGlobalSection
EndGlobal
